
Microsoft Visual Studio Solution File, Format Version 12.00
# Visual Studio Version 17
VisualStudioVersion = 17.5.33424.131
MinimumVisualStudioVersion = 10.0.40219.1
Project("{9A19103F-16F7-4668-BE54-9A1E7A4F7556}") = "TelekomunikacjaHuffman", "TelekomunikacjaZad2\TelekomunikacjaHuffman.csproj", "{90247198-DAA6-4397-806C-F0B0C39CB4AB}"
EndProject
Global
	GlobalSection(SolutionConfigurationPlatforms) = preSolution
		Debug|Any CPU = Debug|Any CPU
		Release|Any CPU = Release|Any CPU
	EndGlobalSection
	GlobalSection(ProjectConfigurationPlatforms) = postSolution
		{90247198-DAA6-4397-806C-F0B0C39CB4AB}.Debug|Any CPU.ActiveCfg = Debug|Any CPU
		{90247198-DAA6-4397-806C-F0B0C39CB4AB}.Debug|Any CPU.Build.0 = Debug|Any CPU
		{90247198-DAA6-4397-806C-F0B0C39CB4AB}.Release|Any CPU.ActiveCfg = Release|Any CPU
		{90247198-DAA6-4397-806C-F0B0C39CB4AB}.Release|Any CPU.Build.0 = Release|Any CPU
	EndGlobalSection
	GlobalSection(SolutionProperties) = preSolution
		HideSolutionNode = FALSE
	EndGlobalSection
	GlobalSection(ExtensibilityGlobals) = postSolution
		SolutionGuid = {17D6B86A-03D6-450C-81F7-B551BD808510}
	EndGlobalSection
EndGlobal
